
Microsoft Visual Studio Solution File, Format Version 12.00
# Visual Studio Version 16
VisualStudioVersion = 16.0.30011.22
MinimumVisualStudioVersion = 10.0.40219.1
Project("{FAE04EC0-301F-11D3-BF4B-00C04F79EFBC}") = "Hangman", "Hangman\Hangman.csproj", "{1E2CF800-8B43-4F7D-B371-ADE67428CA08}"
EndProject
Global
	GlobalSection(SolutionConfigurationPlatforms) = preSolution
		Debug|Any CPU = Debug|Any CPU
		Release|Any CPU = Release|Any CPU
	EndGlobalSection
	GlobalSection(ProjectConfigurationPlatforms) = postSolution
		{1E2CF800-8B43-4F7D-B371-ADE67428CA08}.Debug|Any CPU.ActiveCfg = Debug|Any CPU
		{1E2CF800-8B43-4F7D-B371-ADE67428CA08}.Debug|Any CPU.Build.0 = Debug|Any CPU
		{1E2CF800-8B43-4F7D-B371-ADE67428CA08}.Release|Any CPU.ActiveCfg = Release|Any CPU
		{1E2CF800-8B43-4F7D-B371-ADE67428CA08}.Release|Any CPU.Build.0 = Release|Any CPU
	EndGlobalSection
	GlobalSection(SolutionProperties) = preSolution
		HideSolutionNode = FALSE
	EndGlobalSection
	GlobalSection(ExtensibilityGlobals) = postSolution
		SolutionGuid = {3F11DA43-8F6D-4081-A882-28D2C7BA40AB}
	EndGlobalSection
EndGlobal
